
Microsoft Visual Studio Solution File, Format Version 12.00
# Visual Studio Version 17
VisualStudioVersion = 17.14.36414.22
MinimumVisualStudioVersion = 10.0.40219.1
Project("{2150E333-8FDC-42A3-9474-1A3956D46DE8}") = "Task0", "Task0", "{02EA681E-C7D8-13C7-8484-4AC65E1B71E8}"
EndProject
Project("{FAE04EC0-301F-11D3-BF4B-00C04F79EFBC}") = "Tyuiu.ZakachurinIE.Sprint0.Task0.V0", "Tyuiu.ZakachurinIE.Sprint0.Task0.V0\Tyuiu.ZakachurinIE.Sprint0.Task0.V0.csproj", "{BD20B5AC-C255-42C3-B206-E87A1A3A3831}"
EndProject
Project("{2150E333-8FDC-42A3-9474-1A3956D46DE8}") = "Task1", "Task1", "{562A94EE-5902-4659-8CFD-92921F7F8322}"
EndProject
Project("{FAE04EC0-301F-11D3-BF4B-00C04F79EFBC}") = "Tyuiu.ZakachurinIE.Sprint0.Task1.V0", "Tyuiu.ZakachurinIE.Sprint0.Task1.V0\Tyuiu.ZakachurinIE.Sprint0.Task1.V0.csproj", "{A0CA4AEF-BE61-4FD9-9A82-F766158CEE23}"
EndProject
Project("{2150E333-8FDC-42A3-9474-1A3956D46DE8}") = "Task2", "Task2", "{4C0A14C4-1A87-4ECE-9113-8B527D90FBB8}"
EndProject
Project("{FAE04EC0-301F-11D3-BF4B-00C04F79EFBC}") = "Tyuiu.ZakachurinIE.Sprint0.Task2.V0", "Tyuiu.ZakachurinIE.Sprint0.Task2.V0\Tyuiu.ZakachurinIE.Sprint0.Task2.V0.csproj", "{448DA32E-C570-4F37-A931-F400044F3B77}"
EndProject
Project("{FAE04EC0-301F-11D3-BF4B-00C04F79EFBC}") = "Tyuiu.ZakachurinIE.Sprint0.Task2.V0.Lib", "Tyuiu.ZakachurinIE.Sprint0.Task2.V0.Lib\Tyuiu.ZakachurinIE.Sprint0.Task2.V0.Lib.csproj", "{1EF1AB6E-21F9-422F-A47D-92090C69C153}"
EndProject
Project("{FAE04EC0-301F-11D3-BF4B-00C04F79EFBC}") = "Tyuiu.ZakachurinIE.Sprint0.Task2.V0.Test", "Tyuiu.ZakachurinIE.Sprint0.Task2.V0.Test\Tyuiu.ZakachurinIE.Sprint0.Task2.V0.Test.csproj", "{7BC04F65-9AFA-461F-84F5-E4E6CE386271}"
EndProject
Global
	GlobalSection(SolutionConfigurationPlatforms) = preSolution
		Debug|Any CPU = Debug|Any CPU
		Release|Any CPU = Release|Any CPU
	EndGlobalSection
	GlobalSection(ProjectConfigurationPlatforms) = postSolution
		{BD20B5AC-C255-42C3-B206-E87A1A3A3831}.Debug|Any CPU.ActiveCfg = Debug|Any CPU
		{BD20B5AC-C255-42C3-B206-E87A1A3A3831}.Debug|Any CPU.Build.0 = Debug|Any CPU
		{BD20B5AC-C255-42C3-B206-E87A1A3A3831}.Release|Any CPU.ActiveCfg = Release|Any CPU
		{BD20B5AC-C255-42C3-B206-E87A1A3A3831}.Release|Any CPU.Build.0 = Release|Any CPU
		{A0CA4AEF-BE61-4FD9-9A82-F766158CEE23}.Debug|Any CPU.ActiveCfg = Debug|Any CPU
		{A0CA4AEF-BE61-4FD9-9A82-F766158CEE23}.Debug|Any CPU.Build.0 = Debug|Any CPU
		{A0CA4AEF-BE61-4FD9-9A82-F766158CEE23}.Release|Any CPU.ActiveCfg = Release|Any CPU
		{A0CA4AEF-BE61-4FD9-9A82-F766158CEE23}.Release|Any CPU.Build.0 = Release|Any CPU
		{448DA32E-C570-4F37-A931-F400044F3B77}.Debug|Any CPU.ActiveCfg = Debug|Any CPU
		{448DA32E-C570-4F37-A931-F400044F3B77}.Debug|Any CPU.Build.0 = Debug|Any CPU
		{448DA32E-C570-4F37-A931-F400044F3B77}.Release|Any CPU.ActiveCfg = Release|Any CPU
		{448DA32E-C570-4F37-A931-F400044F3B77}.Release|Any CPU.Build.0 = Release|Any CPU
		{1EF1AB6E-21F9-422F-A47D-92090C69C153}.Debug|Any CPU.ActiveCfg = Debug|Any CPU
		{1EF1AB6E-21F9-422F-A47D-92090C69C153}.Debug|Any CPU.Build.0 = Debug|Any CPU
		{1EF1AB6E-21F9-422F-A47D-92090C69C153}.Release|Any CPU.ActiveCfg = Release|Any CPU
		{1EF1AB6E-21F9-422F-A47D-92090C69C153}.Release|Any CPU.Build.0 = Release|Any CPU
		{7BC04F65-9AFA-461F-84F5-E4E6CE386271}.Debug|Any CPU.ActiveCfg = Debug|Any CPU
		{7BC04F65-9AFA-461F-84F5-E4E6CE386271}.Debug|Any CPU.Build.0 = Debug|Any CPU
		{7BC04F65-9AFA-461F-84F5-E4E6CE386271}.Release|Any CPU.ActiveCfg = Release|Any CPU
		{7BC04F65-9AFA-461F-84F5-E4E6CE386271}.Release|Any CPU.Build.0 = Release|Any CPU
	EndGlobalSection
	GlobalSection(SolutionProperties) = preSolution
		HideSolutionNode = FALSE
	EndGlobalSection
	GlobalSection(NestedProjects) = preSolution
		{BD20B5AC-C255-42C3-B206-E87A1A3A3831} = {02EA681E-C7D8-13C7-8484-4AC65E1B71E8}
		{A0CA4AEF-BE61-4FD9-9A82-F766158CEE23} = {562A94EE-5902-4659-8CFD-92921F7F8322}
		{448DA32E-C570-4F37-A931-F400044F3B77} = {4C0A14C4-1A87-4ECE-9113-8B527D90FBB8}
		{1EF1AB6E-21F9-422F-A47D-92090C69C153} = {4C0A14C4-1A87-4ECE-9113-8B527D90FBB8}
		{7BC04F65-9AFA-461F-84F5-E4E6CE386271} = {4C0A14C4-1A87-4ECE-9113-8B527D90FBB8}
	EndGlobalSection
	GlobalSection(ExtensibilityGlobals) = postSolution
		SolutionGuid = {8F82AE0D-1192-4774-843A-FE6A49E02DE7}
	EndGlobalSection
EndGlobal
