
Microsoft Visual Studio Solution File, Format Version 12.00
# Visual Studio Version 17
VisualStudioVersion = 17.14.36414.22
MinimumVisualStudioVersion = 10.0.40219.1
Project("{2150E333-8FDC-42A3-9474-1A3956D46DE8}") = "Task0", "Task0", "{02EA681E-C7D8-13C7-8484-4AC65E1B71E8}"
EndProject
Project("{FAE04EC0-301F-11D3-BF4B-00C04F79EFBC}") = "Tyuiu.ZakachurinIE.Sprint0.Task0.V0", "Tyuiu.ZakachurinIE.Sprint0.Task0.V0\Tyuiu.ZakachurinIE.Sprint0.Task0.V0.csproj", "{BD20B5AC-C255-42C3-B206-E87A1A3A3831}"
EndProject
Project("{2150E333-8FDC-42A3-9474-1A3956D46DE8}") = "Task1", "Task1", "{562A94EE-5902-4659-8CFD-92921F7F8322}"
EndProject
Project("{FAE04EC0-301F-11D3-BF4B-00C04F79EFBC}") = "Tyuiu.ZakachurinIE.Sprint0.Task1.V0", "Tyuiu.ZakachurinIE.Sprint0.Task1.V0\Tyuiu.ZakachurinIE.Sprint0.Task1.V0.csproj", "{A0CA4AEF-BE61-4FD9-9A82-F766158CEE23}"
EndProject
Project("{2150E333-8FDC-42A3-9474-1A3956D46DE8}") = "Task2", "Task2", "{4C0A14C4-1A87-4ECE-9113-8B527D90FBB8}"
EndProject
Project("{FAE04EC0-301F-11D3-BF4B-00C04F79EFBC}") = "Tyuiu.ZakachurinIE.Sprint0.Task2.V0", "Tyuiu.ZakachurinIE.Sprint0.Task2.V0\Tyuiu.ZakachurinIE.Sprint0.Task2.V0.csproj", "{448DA32E-C570-4F37-A931-F400044F3B77}"
EndProject
Project("{FAE04EC0-301F-11D3-BF4B-00C04F79EFBC}") = "Tyuiu.ZakachurinIE.Sprint0.Task2.V0.Lib", "Tyuiu.ZakachurinIE.Sprint0.Task2.V0.Lib\Tyuiu.ZakachurinIE.Sprint0.Task2.V0.Lib.csproj", "{1EF1AB6E-21F9-422F-A47D-92090C69C153}"
EndProject
Project("{FAE04EC0-301F-11D3-BF4B-00C04F79EFBC}") = "Tyuiu.ZakachurinIE.Sprint0.Task2.V0.Test", "Tyuiu.ZakachurinIE.Sprint0.Task2.V0.Test\Tyuiu.ZakachurinIE.Sprint0.Task2.V0.Test.csproj", "{7BC04F65-9AFA-461F-84F5-E4E6CE386271}"
EndProject
Project("{2150E333-8FDC-42A3-9474-1A3956D46DE8}") = "Task3", "Task3", "{FB912DCE-416B-49B2-8F1E-9E6EDB3146B9}"
EndProject
Project("{FAE04EC0-301F-11D3-BF4B-00C04F79EFBC}") = "Tyuiu.ZakachurinIE.Sprint0.Task3.V0", "Tyuiu.ZakachurinIE.Sprint0.Task3.V0\Tyuiu.ZakachurinIE.Sprint0.Task3.V0.csproj", "{8178B573-2782-404F-93E8-63C70D27EDBF}"
EndProject
Project("{FAE04EC0-301F-11D3-BF4B-00C04F79EFBC}") = "Tyuiu.ZakachurinIE.Sprint0.Task3.V0.Lib", "Tyuiu.ZakachurinIE.Sprint0.Task3.V0.Lib\Tyuiu.ZakachurinIE.Sprint0.Task3.V0.Lib.csproj", "{1928EADE-0AEB-4A8B-8CFE-A604A6CA4A8F}"
EndProject
Project("{FAE04EC0-301F-11D3-BF4B-00C04F79EFBC}") = "Tyuiu.ZakachurinIE.Sprint0.Task3.V0.Test", "Tyuiu.ZakachurinIE.Sprint0.Task3.V0.Test\Tyuiu.ZakachurinIE.Sprint0.Task3.V0.Test.csproj", "{10D98945-A052-4B4C-8209-F3B216584A7D}"
EndProject
Project("{2150E333-8FDC-42A3-9474-1A3956D46DE8}") = "Task4", "Task4", "{D99186C1-8A9D-4257-9C53-CE4E77BACB76}"
EndProject
Project("{FAE04EC0-301F-11D3-BF4B-00C04F79EFBC}") = "Tyuiu.ZakachurinIE.Sprint0.Task4.V0", "Tyuiu.ZakachurinIE.Sprint0.Task4.V0\Tyuiu.ZakachurinIE.Sprint0.Task4.V0.csproj", "{9EECB1B2-6819-4E90-88A5-65ACC8E1A21C}"
EndProject
Project("{FAE04EC0-301F-11D3-BF4B-00C04F79EFBC}") = "Tyuiu.ZakachurinIE.Sprint0.Task4.V0.Test", "Tyuiu.ZakachurinIE.Sprint0.Task4.V0.Test\Tyuiu.ZakachurinIE.Sprint0.Task4.V0.Test.csproj", "{0E3B6A2F-5278-4CF4-9A92-BCDC013C89CA}"
EndProject
Project("{FAE04EC0-301F-11D3-BF4B-00C04F79EFBC}") = "Tyuiu.ZakachurinIE.Sprint0.Task4.V0.Lib", "Tyuiu.ZakachurinIE.Sprint0.Task4.V0.Lib\Tyuiu.ZakachurinIE.Sprint0.Task4.V0.Lib.csproj", "{72355919-EF33-42C4-A89D-AA73FADCB656}"
EndProject
Global
	GlobalSection(SolutionConfigurationPlatforms) = preSolution
		Debug|Any CPU = Debug|Any CPU
		Release|Any CPU = Release|Any CPU
	EndGlobalSection
	GlobalSection(ProjectConfigurationPlatforms) = postSolution
		{BD20B5AC-C255-42C3-B206-E87A1A3A3831}.Debug|Any CPU.ActiveCfg = Debug|Any CPU
		{BD20B5AC-C255-42C3-B206-E87A1A3A3831}.Debug|Any CPU.Build.0 = Debug|Any CPU
		{BD20B5AC-C255-42C3-B206-E87A1A3A3831}.Release|Any CPU.ActiveCfg = Release|Any CPU
		{BD20B5AC-C255-42C3-B206-E87A1A3A3831}.Release|Any CPU.Build.0 = Release|Any CPU
		{A0CA4AEF-BE61-4FD9-9A82-F766158CEE23}.Debug|Any CPU.ActiveCfg = Debug|Any CPU
		{A0CA4AEF-BE61-4FD9-9A82-F766158CEE23}.Debug|Any CPU.Build.0 = Debug|Any CPU
		{A0CA4AEF-BE61-4FD9-9A82-F766158CEE23}.Release|Any CPU.ActiveCfg = Release|Any CPU
		{A0CA4AEF-BE61-4FD9-9A82-F766158CEE23}.Release|Any CPU.Build.0 = Release|Any CPU
		{448DA32E-C570-4F37-A931-F400044F3B77}.Debug|Any CPU.ActiveCfg = Debug|Any CPU
		{448DA32E-C570-4F37-A931-F400044F3B77}.Debug|Any CPU.Build.0 = Debug|Any CPU
		{448DA32E-C570-4F37-A931-F400044F3B77}.Release|Any CPU.ActiveCfg = Release|Any CPU
		{448DA32E-C570-4F37-A931-F400044F3B77}.Release|Any CPU.Build.0 = Release|Any CPU
		{1EF1AB6E-21F9-422F-A47D-92090C69C153}.Debug|Any CPU.ActiveCfg = Debug|Any CPU
		{1EF1AB6E-21F9-422F-A47D-92090C69C153}.Debug|Any CPU.Build.0 = Debug|Any CPU
		{1EF1AB6E-21F9-422F-A47D-92090C69C153}.Release|Any CPU.ActiveCfg = Release|Any CPU
		{1EF1AB6E-21F9-422F-A47D-92090C69C153}.Release|Any CPU.Build.0 = Release|Any CPU
		{7BC04F65-9AFA-461F-84F5-E4E6CE386271}.Debug|Any CPU.ActiveCfg = Debug|Any CPU
		{7BC04F65-9AFA-461F-84F5-E4E6CE386271}.Debug|Any CPU.Build.0 = Debug|Any CPU
		{7BC04F65-9AFA-461F-84F5-E4E6CE386271}.Release|Any CPU.ActiveCfg = Release|Any CPU
		{7BC04F65-9AFA-461F-84F5-E4E6CE386271}.Release|Any CPU.Build.0 = Release|Any CPU
		{8178B573-2782-404F-93E8-63C70D27EDBF}.Debug|Any CPU.ActiveCfg = Debug|Any CPU
		{8178B573-2782-404F-93E8-63C70D27EDBF}.Debug|Any CPU.Build.0 = Debug|Any CPU
		{8178B573-2782-404F-93E8-63C70D27EDBF}.Release|Any CPU.ActiveCfg = Release|Any CPU
		{8178B573-2782-404F-93E8-63C70D27EDBF}.Release|Any CPU.Build.0 = Release|Any CPU
		{1928EADE-0AEB-4A8B-8CFE-A604A6CA4A8F}.Debug|Any CPU.ActiveCfg = Debug|Any CPU
		{1928EADE-0AEB-4A8B-8CFE-A604A6CA4A8F}.Debug|Any CPU.Build.0 = Debug|Any CPU
		{1928EADE-0AEB-4A8B-8CFE-A604A6CA4A8F}.Release|Any CPU.ActiveCfg = Release|Any CPU
		{1928EADE-0AEB-4A8B-8CFE-A604A6CA4A8F}.Release|Any CPU.Build.0 = Release|Any CPU
		{10D98945-A052-4B4C-8209-F3B216584A7D}.Debug|Any CPU.ActiveCfg = Debug|Any CPU
		{10D98945-A052-4B4C-8209-F3B216584A7D}.Debug|Any CPU.Build.0 = Debug|Any CPU
		{10D98945-A052-4B4C-8209-F3B216584A7D}.Release|Any CPU.ActiveCfg = Release|Any CPU
		{10D98945-A052-4B4C-8209-F3B216584A7D}.Release|Any CPU.Build.0 = Release|Any CPU
		{9EECB1B2-6819-4E90-88A5-65ACC8E1A21C}.Debug|Any CPU.ActiveCfg = Debug|Any CPU
		{9EECB1B2-6819-4E90-88A5-65ACC8E1A21C}.Debug|Any CPU.Build.0 = Debug|Any CPU
		{9EECB1B2-6819-4E90-88A5-65ACC8E1A21C}.Release|Any CPU.ActiveCfg = Release|Any CPU
		{9EECB1B2-6819-4E90-88A5-65ACC8E1A21C}.Release|Any CPU.Build.0 = Release|Any CPU
		{0E3B6A2F-5278-4CF4-9A92-BCDC013C89CA}.Debug|Any CPU.ActiveCfg = Debug|Any CPU
		{0E3B6A2F-5278-4CF4-9A92-BCDC013C89CA}.Debug|Any CPU.Build.0 = Debug|Any CPU
		{0E3B6A2F-5278-4CF4-9A92-BCDC013C89CA}.Release|Any CPU.ActiveCfg = Release|Any CPU
		{0E3B6A2F-5278-4CF4-9A92-BCDC013C89CA}.Release|Any CPU.Build.0 = Release|Any CPU
		{72355919-EF33-42C4-A89D-AA73FADCB656}.Debug|Any CPU.ActiveCfg = Debug|Any CPU
		{72355919-EF33-42C4-A89D-AA73FADCB656}.Debug|Any CPU.Build.0 = Debug|Any CPU
		{72355919-EF33-42C4-A89D-AA73FADCB656}.Release|Any CPU.ActiveCfg = Release|Any CPU
		{72355919-EF33-42C4-A89D-AA73FADCB656}.Release|Any CPU.Build.0 = Release|Any CPU
	EndGlobalSection
	GlobalSection(SolutionProperties) = preSolution
		HideSolutionNode = FALSE
	EndGlobalSection
	GlobalSection(NestedProjects) = preSolution
		{BD20B5AC-C255-42C3-B206-E87A1A3A3831} = {02EA681E-C7D8-13C7-8484-4AC65E1B71E8}
		{A0CA4AEF-BE61-4FD9-9A82-F766158CEE23} = {562A94EE-5902-4659-8CFD-92921F7F8322}
		{448DA32E-C570-4F37-A931-F400044F3B77} = {4C0A14C4-1A87-4ECE-9113-8B527D90FBB8}
		{1EF1AB6E-21F9-422F-A47D-92090C69C153} = {4C0A14C4-1A87-4ECE-9113-8B527D90FBB8}
		{7BC04F65-9AFA-461F-84F5-E4E6CE386271} = {4C0A14C4-1A87-4ECE-9113-8B527D90FBB8}
		{8178B573-2782-404F-93E8-63C70D27EDBF} = {FB912DCE-416B-49B2-8F1E-9E6EDB3146B9}
		{1928EADE-0AEB-4A8B-8CFE-A604A6CA4A8F} = {FB912DCE-416B-49B2-8F1E-9E6EDB3146B9}
		{10D98945-A052-4B4C-8209-F3B216584A7D} = {FB912DCE-416B-49B2-8F1E-9E6EDB3146B9}
		{9EECB1B2-6819-4E90-88A5-65ACC8E1A21C} = {D99186C1-8A9D-4257-9C53-CE4E77BACB76}
		{0E3B6A2F-5278-4CF4-9A92-BCDC013C89CA} = {D99186C1-8A9D-4257-9C53-CE4E77BACB76}
		{72355919-EF33-42C4-A89D-AA73FADCB656} = {D99186C1-8A9D-4257-9C53-CE4E77BACB76}
	EndGlobalSection
	GlobalSection(ExtensibilityGlobals) = postSolution
		SolutionGuid = {8F82AE0D-1192-4774-843A-FE6A49E02DE7}
	EndGlobalSection
EndGlobal
